
Microsoft Visual Studio Solution File, Format Version 12.00
# Visual Studio Version 16
VisualStudioVersion = 16.0.30621.155
MinimumVisualStudioVersion = 10.0.40219.1
Project("{FAE04EC0-301F-11D3-BF4B-00C04F79EFBC}") = "SignalRChat", "SignalRChat.csproj", "{EB7A10B5-19BE-4E4C-ABCA-7FEECED02004}"
EndProject
Global
	GlobalSection(SolutionConfigurationPlatforms) = preSolution
		Debug|Any CPU = Debug|Any CPU
		Release|Any CPU = Release|Any CPU
	EndGlobalSection
	GlobalSection(ProjectConfigurationPlatforms) = postSolution
		{EB7A10B5-19BE-4E4C-ABCA-7FEECED02004}.Debug|Any CPU.ActiveCfg = Debug|Any CPU
		{EB7A10B5-19BE-4E4C-ABCA-7FEECED02004}.Debug|Any CPU.Build.0 = Debug|Any CPU
		{EB7A10B5-19BE-4E4C-ABCA-7FEECED02004}.Release|Any CPU.ActiveCfg = Release|Any CPU
		{EB7A10B5-19BE-4E4C-ABCA-7FEECED02004}.Release|Any CPU.Build.0 = Release|Any CPU
	EndGlobalSection
	GlobalSection(SolutionProperties) = preSolution
		HideSolutionNode = FALSE
	EndGlobalSection
	GlobalSection(ExtensibilityGlobals) = postSolution
		SolutionGuid = {E227DCBF-A699-4231-B177-0BA3149D1734}
	EndGlobalSection
EndGlobal
